
Microsoft Visual Studio Solution File, Format Version 12.00
# Visual Studio Version 17
VisualStudioVersion = 17.5.002.0
MinimumVisualStudioVersion = 10.0.40219.1
Project("{9A19103F-16F7-4668-BE54-9A1E7A4F7556}") = "StaffTesting", "StaffTesting.csproj", "{2EC932FC-BF0D-479C-A81A-1B45312D7F87}"
EndProject
Global
	GlobalSection(SolutionConfigurationPlatforms) = preSolution
		Debug|Any CPU = Debug|Any CPU
		Release|Any CPU = Release|Any CPU
	EndGlobalSection
	GlobalSection(ProjectConfigurationPlatforms) = postSolution
		{2EC932FC-BF0D-479C-A81A-1B45312D7F87}.Debug|Any CPU.ActiveCfg = Debug|Any CPU
		{2EC932FC-BF0D-479C-A81A-1B45312D7F87}.Debug|Any CPU.Build.0 = Debug|Any CPU
		{2EC932FC-BF0D-479C-A81A-1B45312D7F87}.Release|Any CPU.ActiveCfg = Release|Any CPU
		{2EC932FC-BF0D-479C-A81A-1B45312D7F87}.Release|Any CPU.Build.0 = Release|Any CPU
	EndGlobalSection
	GlobalSection(SolutionProperties) = preSolution
		HideSolutionNode = FALSE
	EndGlobalSection
	GlobalSection(ExtensibilityGlobals) = postSolution
		SolutionGuid = {CCA30CB9-A02B-4C58-996A-F8A924CF3F08}
	EndGlobalSection
EndGlobal
